
Microsoft Visual Studio Solution File, Format Version 12.00
# Visual Studio Version 17
VisualStudioVersion = 17.8.34330.188
MinimumVisualStudioVersion = 10.0.40219.1
Project("{FAE04EC0-301F-11D3-BF4B-00C04F79EFBC}") = "RSAEncryptionDemo", "RSAEncryptionDemo\RSAEncryptionDemo.csproj", "{C28A71D4-C28D-48A7-80BD-7EEDAEBB7D63}"
EndProject
Global
	GlobalSection(SolutionConfigurationPlatforms) = preSolution
		Debug|Any CPU = Debug|Any CPU
		Release|Any CPU = Release|Any CPU
	EndGlobalSection
	GlobalSection(ProjectConfigurationPlatforms) = postSolution
		{C28A71D4-C28D-48A7-80BD-7EEDAEBB7D63}.Debug|Any CPU.ActiveCfg = Debug|Any CPU
		{C28A71D4-C28D-48A7-80BD-7EEDAEBB7D63}.Debug|Any CPU.Build.0 = Debug|Any CPU
		{C28A71D4-C28D-48A7-80BD-7EEDAEBB7D63}.Release|Any CPU.ActiveCfg = Release|Any CPU
		{C28A71D4-C28D-48A7-80BD-7EEDAEBB7D63}.Release|Any CPU.Build.0 = Release|Any CPU
	EndGlobalSection
	GlobalSection(SolutionProperties) = preSolution
		HideSolutionNode = FALSE
	EndGlobalSection
	GlobalSection(ExtensibilityGlobals) = postSolution
		SolutionGuid = {8612B475-B3AF-4A1B-BC4F-82FC7B81C0C0}
	EndGlobalSection
EndGlobal
